
Microsoft Visual Studio Solution File, Format Version 12.00
# Visual Studio Version 16
VisualStudioVersion = 16.0.31129.286
MinimumVisualStudioVersion = 10.0.40219.1
Project("{FAE04EC0-301F-11D3-BF4B-00C04F79EFBC}") = "WpfApp1", "WpfApp1\WpfApp1.csproj", "{EFCE9D4D-205A-4CCF-BB84-5CC5149F5440}"
EndProject
Global
	GlobalSection(SolutionConfigurationPlatforms) = preSolution
		Debug|Any CPU = Debug|Any CPU
		Release|Any CPU = Release|Any CPU
	EndGlobalSection
	GlobalSection(ProjectConfigurationPlatforms) = postSolution
		{EFCE9D4D-205A-4CCF-BB84-5CC5149F5440}.Debug|Any CPU.ActiveCfg = Debug|Any CPU
		{EFCE9D4D-205A-4CCF-BB84-5CC5149F5440}.Debug|Any CPU.Build.0 = Debug|Any CPU
		{EFCE9D4D-205A-4CCF-BB84-5CC5149F5440}.Release|Any CPU.ActiveCfg = Release|Any CPU
		{EFCE9D4D-205A-4CCF-BB84-5CC5149F5440}.Release|Any CPU.Build.0 = Release|Any CPU
	EndGlobalSection
	GlobalSection(SolutionProperties) = preSolution
		HideSolutionNode = FALSE
	EndGlobalSection
	GlobalSection(ExtensibilityGlobals) = postSolution
		SolutionGuid = {F365C311-EAE3-4A38-B4F8-E865A3D55A48}
	EndGlobalSection
EndGlobal
